
Microsoft Visual Studio Solution File, Format Version 12.00
Project("{FAE04EC0-301F-11D3-BF4B-00C04F79EFBC}") = "CSCalculator", "CSCalculator.csproj", "{52178FE2-2C13-41EB-AB93-BFEEF82C63C8}"
EndProject
Global
	GlobalSection(SolutionConfigurationPlatforms) = preSolution
		Debug|Any CPU = Debug|Any CPU
		Release|Any CPU = Release|Any CPU
	EndGlobalSection
	GlobalSection(ProjectConfigurationPlatforms) = postSolution
		{52178FE2-2C13-41EB-AB93-BFEEF82C63C8}.Debug|Any CPU.ActiveCfg = Debug|Any CPU
		{52178FE2-2C13-41EB-AB93-BFEEF82C63C8}.Debug|Any CPU.Build.0 = Debug|Any CPU
		{52178FE2-2C13-41EB-AB93-BFEEF82C63C8}.Release|Any CPU.ActiveCfg = Release|Any CPU
		{52178FE2-2C13-41EB-AB93-BFEEF82C63C8}.Release|Any CPU.Build.0 = Release|Any CPU
	EndGlobalSection
EndGlobal
